
Microsoft Visual Studio Solution File, Format Version 12.00
# Visual Studio Version 16
VisualStudioVersion = 16.0.30204.135
MinimumVisualStudioVersion = 10.0.40219.1
Project("{9A19103F-16F7-4668-BE54-9A1E7A4F7556}") = "ODataWebApiIssue2213ReproEdm", "ODataWebApiIssue2213ReproEdm\ODataWebApiIssue2213ReproEdm.csproj", "{C4B740D1-89DC-4595-926E-F0AAFD1D2D41}"
EndProject
Project("{9A19103F-16F7-4668-BE54-9A1E7A4F7556}") = "ODataWebApiIssue2213ReproNonEdm", "ODataWebApiIssue2213ReproNonEdm\ODataWebApiIssue2213ReproNonEdm.csproj", "{47FD812B-4AC1-4CA7-AC21-70AED96C8E54}"
EndProject
Global
	GlobalSection(SolutionConfigurationPlatforms) = preSolution
		Debug|Any CPU = Debug|Any CPU
		Release|Any CPU = Release|Any CPU
	EndGlobalSection
	GlobalSection(ProjectConfigurationPlatforms) = postSolution
		{C4B740D1-89DC-4595-926E-F0AAFD1D2D41}.Debug|Any CPU.ActiveCfg = Debug|Any CPU
		{C4B740D1-89DC-4595-926E-F0AAFD1D2D41}.Debug|Any CPU.Build.0 = Debug|Any CPU
		{C4B740D1-89DC-4595-926E-F0AAFD1D2D41}.Release|Any CPU.ActiveCfg = Release|Any CPU
		{C4B740D1-89DC-4595-926E-F0AAFD1D2D41}.Release|Any CPU.Build.0 = Release|Any CPU
		{47FD812B-4AC1-4CA7-AC21-70AED96C8E54}.Debug|Any CPU.ActiveCfg = Debug|Any CPU
		{47FD812B-4AC1-4CA7-AC21-70AED96C8E54}.Debug|Any CPU.Build.0 = Debug|Any CPU
		{47FD812B-4AC1-4CA7-AC21-70AED96C8E54}.Release|Any CPU.ActiveCfg = Release|Any CPU
		{47FD812B-4AC1-4CA7-AC21-70AED96C8E54}.Release|Any CPU.Build.0 = Release|Any CPU
	EndGlobalSection
	GlobalSection(SolutionProperties) = preSolution
		HideSolutionNode = FALSE
	EndGlobalSection
	GlobalSection(ExtensibilityGlobals) = postSolution
		SolutionGuid = {C8D01837-6134-4193-B4DF-5EE5020C4718}
	EndGlobalSection
EndGlobal
